
Microsoft Visual Studio Solution File, Format Version 12.00
# Visual Studio Version 16
VisualStudioVersion = 16.0.33529.622
MinimumVisualStudioVersion = 10.0.40219.1
Project("{FAE04EC0-301F-11D3-BF4B-00C04F79EFBC}") = "ClassLibrary3", "ClassLibrary3\ClassLibrary3.csproj", "{D06DE123-BFFC-4356-AC0A-725297DECC0E}"
EndProject
Global
	GlobalSection(SolutionConfigurationPlatforms) = preSolution
		Debug|Any CPU = Debug|Any CPU
		Release|Any CPU = Release|Any CPU
	EndGlobalSection
	GlobalSection(ProjectConfigurationPlatforms) = postSolution
		{D06DE123-BFFC-4356-AC0A-725297DECC0E}.Debug|Any CPU.ActiveCfg = Debug|Any CPU
		{D06DE123-BFFC-4356-AC0A-725297DECC0E}.Debug|Any CPU.Build.0 = Debug|Any CPU
		{D06DE123-BFFC-4356-AC0A-725297DECC0E}.Release|Any CPU.ActiveCfg = Release|Any CPU
		{D06DE123-BFFC-4356-AC0A-725297DECC0E}.Release|Any CPU.Build.0 = Release|Any CPU
	EndGlobalSection
	GlobalSection(SolutionProperties) = preSolution
		HideSolutionNode = FALSE
	EndGlobalSection
	GlobalSection(ExtensibilityGlobals) = postSolution
		SolutionGuid = {C9E74474-BCC0-4C1A-BC27-6E7705809F56}
	EndGlobalSection
EndGlobal
